
Microsoft Visual Studio Solution File, Format Version 12.00
# Visual Studio Version 17
VisualStudioVersion = 17.9.34728.123
MinimumVisualStudioVersion = 10.0.40219.1
Project("{9A19103F-16F7-4668-BE54-9A1E7A4F7556}") = "FinanceTracking", "FinanceTracking.csproj", "{9A1946E0-C5C5-4AE3-86B5-323DE78B7692}"
EndProject
Project("{9A19103F-16F7-4668-BE54-9A1E7A4F7556}") = "UnitTests", "..\UnitTests\UnitTests.csproj", "{409A034F-8512-4DE5-A642-E21A278A1169}"
EndProject
Project("{FAE04EC0-301F-11D3-BF4B-00C04F79EFBC}") = "IntegrationTests", "..\IntegrationTests\IntegrationTests.csproj", "{D22403E5-0AA5-4368-9E8F-F4F62062F933}"
EndProject
Global
	GlobalSection(SolutionConfigurationPlatforms) = preSolution
		Debug|Any CPU = Debug|Any CPU
		Release|Any CPU = Release|Any CPU
	EndGlobalSection
	GlobalSection(ProjectConfigurationPlatforms) = postSolution
		{9A1946E0-C5C5-4AE3-86B5-323DE78B7692}.Debug|Any CPU.ActiveCfg = Debug|Any CPU
		{9A1946E0-C5C5-4AE3-86B5-323DE78B7692}.Debug|Any CPU.Build.0 = Debug|Any CPU
		{9A1946E0-C5C5-4AE3-86B5-323DE78B7692}.Release|Any CPU.ActiveCfg = Release|Any CPU
		{9A1946E0-C5C5-4AE3-86B5-323DE78B7692}.Release|Any CPU.Build.0 = Release|Any CPU
		{409A034F-8512-4DE5-A642-E21A278A1169}.Debug|Any CPU.ActiveCfg = Debug|Any CPU
		{409A034F-8512-4DE5-A642-E21A278A1169}.Debug|Any CPU.Build.0 = Debug|Any CPU
		{409A034F-8512-4DE5-A642-E21A278A1169}.Release|Any CPU.ActiveCfg = Release|Any CPU
		{409A034F-8512-4DE5-A642-E21A278A1169}.Release|Any CPU.Build.0 = Release|Any CPU
		{D22403E5-0AA5-4368-9E8F-F4F62062F933}.Debug|Any CPU.ActiveCfg = Debug|Any CPU
		{D22403E5-0AA5-4368-9E8F-F4F62062F933}.Debug|Any CPU.Build.0 = Debug|Any CPU
		{D22403E5-0AA5-4368-9E8F-F4F62062F933}.Release|Any CPU.ActiveCfg = Release|Any CPU
		{D22403E5-0AA5-4368-9E8F-F4F62062F933}.Release|Any CPU.Build.0 = Release|Any CPU
	EndGlobalSection
	GlobalSection(SolutionProperties) = preSolution
		HideSolutionNode = FALSE
	EndGlobalSection
	GlobalSection(ExtensibilityGlobals) = postSolution
		SolutionGuid = {39B4AFCC-6816-421C-B5D2-DD5CDF75BB2F}
	EndGlobalSection
EndGlobal
